// !$*UTF8*$!
{
	archiveVersion = 1;
	classes = {
	};
	objectVersion = 50;
	objects = {

/* Begin PBXBuildFile section */
		6F2B8CEC24596215003C27FA /* AppDelegate.swift in Sources */ = {isa = PBXBuildFile; fileRef = 6F2B8CEB24596215003C27FA /* AppDelegate.swift */; };
		6F2B8CF024596215003C27FA /* ViewController.swift in Sources */ = {isa = PBXBuildFile; fileRef = 6F2B8CEF24596215003C27FA /* ViewController.swift */; };
		6F2B8CF324596215003C27FA /* Main.storyboard in Resources */ = {isa = PBXBuildFile; fileRef = 6F2B8CF124596215003C27FA /* Main.storyboard */; };
		6F2B8CF524596219003C27FA /* Assets.xcassets in Resources */ = {isa = PBXBuildFile; fileRef = 6F2B8CF424596219003C27FA /* Assets.xcassets */; };
		6F2B8CF824596219003C27FA /* LaunchScreen.storyboard in Resources */ = {isa = PBXBuildFile; fileRef = 6F2B8CF624596219003C27FA /* LaunchScreen.storyboard */; };
		6F2B8D00245963A7003C27FA /* StyleManager.swift in Sources */ = {isa = PBXBuildFile; fileRef = 6F2B8CFF245963A7003C27FA /* StyleManager.swift */; };
		6F2B8D0224596514003C27FA /* UIColorEx.swift in Sources */ = {isa = PBXBuildFile; fileRef = 6F2B8D0124596514003C27FA /* UIColorEx.swift */; };
/* End PBXBuildFile section */

/* Begin PBXFileReference section */
		6F2B8CE824596215003C27FA /* Style Playground.app */ = {isa = PBXFileReference; explicitFileType = wrapper.application; includeInIndex = 0; path = "Style Playground.app"; sourceTree = BUILT_PRODUCTS_DIR; };
		6F2B8CEB24596215003C27FA /* AppDelegate.swift */ = {isa = PBXFileReference; lastKnownFileType = sourcecode.swift; path = AppDelegate.swift; sourceTree = "<group>"; };
		6F2B8CEF24596215003C27FA /* ViewController.swift */ = {isa = PBXFileReference; lastKnownFileType = sourcecode.swift; path = ViewController.swift; sourceTree = "<group>"; };
		6F2B8CF224596215003C27FA /* Base */ = {isa = PBXFileReference; lastKnownFileType = file.storyboard; name = Base; path = Base.lproj/Main.storyboard; sourceTree = "<group>"; };
		6F2B8CF424596219003C27FA /* Assets.xcassets */ = {isa = PBXFileReference; lastKnownFileType = folder.assetcatalog; path = Assets.xcassets; sourceTree = "<group>"; };
		6F2B8CF724596219003C27FA /* Base */ = {isa = PBXFileReference; lastKnownFileType = file.storyboard; name = Base; path = Base.lproj/LaunchScreen.storyboard; sourceTree = "<group>"; };
		6F2B8CF924596219003C27FA /* Info.plist */ = {isa = PBXFileReference; lastKnownFileType = text.plist.xml; path = Info.plist; sourceTree = "<group>"; };
		6F2B8CFF245963A7003C27FA /* StyleManager.swift */ = {isa = PBXFileReference; lastKnownFileType = sourcecode.swift; path = StyleManager.swift; sourceTree = "<group>"; };
		6F2B8D0124596514003C27FA /* UIColorEx.swift */ = {isa = PBXFileReference; lastKnownFileType = sourcecode.swift; path = UIColorEx.swift; sourceTree = "<group>"; };
/* End PBXFileReference section */

/* Begin PBXFrameworksBuildPhase section */
		6F2B8CE524596215003C27FA /* Frameworks */ = {
			isa = PBXFrameworksBuildPhase;
			buildActionMask = 2147483647;
			files = (
			);
			runOnlyForDeploymentPostprocessing = 0;
		};
/* End PBXFrameworksBuildPhase section */

/* Begin PBXGroup section */
		6F2B8CDF24596215003C27FA = {
			isa = PBXGroup;
			children = (
				6F2B8CEA24596215003C27FA /* Style Playground */,
				6F2B8CE924596215003C27FA /* Products */,
			);
			sourceTree = "<group>";
		};
		6F2B8CE924596215003C27FA /* Products */ = {
			isa = PBXGroup;
			children = (
				6F2B8CE824596215003C27FA /* Style Playground.app */,
			);
			name = Products;
			sourceTree = "<group>";
		};
		6F2B8CEA24596215003C27FA /* Style Playground */ = {
			isa = PBXGroup;
			children = (
				6F2B8CEB24596215003C27FA /* AppDelegate.swift */,
				6F2B8CEF24596215003C27FA /* ViewController.swift */,
				6F2B8CF124596215003C27FA /* Main.storyboard */,
				6F2B8CF424596219003C27FA /* Assets.xcassets */,
				6F2B8CF624596219003C27FA /* LaunchScreen.storyboard */,
				6F2B8CF924596219003C27FA /* Info.plist */,
				6F2B8CFF245963A7003C27FA /* StyleManager.swift */,
				6F2B8D0124596514003C27FA /* UIColorEx.swift */,
			);
			path = "Style Playground";
			sourceTree = "<group>";
		};
/* End PBXGroup section */

/* Begin PBXNativeTarget section */
		6F2B8CE724596215003C27FA /* Style Playground */ = {
			isa = PBXNativeTarget;
			buildConfigurationList = 6F2B8CFC24596219003C27FA /* Build configuration list for PBXNativeTarget "Style Playground" */;
			buildPhases = (
				6F2B8CE424596215003C27FA /* Sources */,
				6F2B8CE524596215003C27FA /* Frameworks */,
				6F2B8CE624596215003C27FA /* Resources */,
			);
			buildRules = (
			);
			dependencies = (
			);
			name = "Style Playground";
			productName = "Style Playground";
			productReference = 6F2B8CE824596215003C27FA /* Style Playground.app */;
			productType = "com.apple.product-type.application";
		};
/* End PBXNativeTarget section */

/* Begin PBXProject section */
		6F2B8CE024596215003C27FA /* Project object */ = {
			isa = PBXProject;
			attributes = {
				LastSwiftUpdateCheck = 1140;
				LastUpgradeCheck = 1140;
				ORGANIZATIONNAME = "Fabio Bombardi";
				TargetAttributes = {
					6F2B8CE724596215003C27FA = {
						CreatedOnToolsVersion = 11.4.1;
					};
				};
			};
			buildConfigurationList = 6F2B8CE324596215003C27FA /* Build configuration list for PBXProject "Style Playground" */;
			compatibilityVersion = "Xcode 9.3";
			developmentRegion = en;
			hasScannedForEncodings = 0;
			knownRegions = (
				en,
				Base,
			);
			mainGroup = 6F2B8CDF24596215003C27FA;
			productRefGroup = 6F2B8CE924596215003C27FA /* Products */;
			projectDirPath = "";
			projectRoot = "";
			targets = (
				6F2B8CE724596215003C27FA /* Style Playground */,
			);
		};
/* End PBXProject section */

/* Begin PBXResourcesBuildPhase section */
		6F2B8CE624596215003C27FA /* Resources */ = {
			isa = PBXResourcesBuildPhase;
			buildActionMask = 2147483647;
			files = (
				6F2B8CF824596219003C27FA /* LaunchScreen.storyboard in Resources */,
				6F2B8CF524596219003C27FA /* Assets.xcassets in Resources */,
				6F2B8CF324596215003C27FA /* Main.storyboard in Resources */,
			);
			runOnlyForDeploymentPostprocessing = 0;
		};
/* End PBXResourcesBuildPhase section */

/* Begin PBXSourcesBuildPhase section */
		6F2B8CE424596215003C27FA /* Sources */ = {
			isa = PBXSourcesBuildPhase;
			buildActionMask = 2147483647;
			files = (
				6F2B8CF024596215003C27FA /* ViewController.swift in Sources */,
				6F2B8D00245963A7003C27FA /* StyleManager.swift in Sources */,
				6F2B8CEC24596215003C27FA /* AppDelegate.swift in Sources */,
				6F2B8D0224596514003C27FA /* UIColorEx.swift in Sources */,
			);
			runOnlyForDeploymentPostprocessing = 0;
		};
/* End PBXSourcesBuildPhase section */

/* Begin PBXVariantGroup section */
		6F2B8CF124596215003C27FA /* Main.storyboard */ = {
			isa = PBXVariantGroup;
			children = (
				6F2B8CF224596215003C27FA /* Base */,
			);
			name = Main.storyboard;
			sourceTree = "<group>";
		};
		6F2B8CF624596219003C27FA /* LaunchScreen.storyboard */ = {
			isa = PBXVariantGroup;
			children = (
				6F2B8CF724596219003C27FA /* Base */,
			);
			name = LaunchScreen.storyboard;
			sourceTree = "<group>";
		};
/* End PBXVariantGroup section */

/* Begin XCBuildConfiguration section */
		6F2B8CFA24596219003C27FA /* Debug */ = {
			isa = XCBuildConfiguration;
			buildSettings = {
				ALWAYS_SEARCH_USER_PATHS = NO;
				CLANG_ANALYZER_NONNULL = YES;
				CLANG_ANALYZER_NUMBER_OBJECT_CONVERSION = YES_AGGRESSIVE;
				CLANG_CXX_LANGUAGE_STANDARD = "gnu++14";
				CLANG_CXX_LIBRARY = "libc++";
				CLANG_ENABLE_MODULES = YES;
				CLANG_ENABLE_OBJC_ARC = YES;
				CLANG_ENABLE_OBJC_WEAK = YES;
				CLANG_WARN_BLOCK_CAPTURE_AUTORELEASING = YES;
				CLANG_WARN_BOOL_CONVERSION = YES;
				CLANG_WARN_COMMA = YES;
				CLANG_WARN_CONSTANT_CONVERSION = YES;
				CLANG_WARN_DEPRECATED_OBJC_IMPLEMENTATIONS = YES;
				CLANG_WARN_DIRECT_OBJC_ISA_USAGE = YES_ERROR;
				CLANG_WARN_DOCUMENTATION_COMMENTS = YES;
				CLANG_WARN_EMPTY_BODY = YES;
				CLANG_WARN_ENUM_CONVERSION = YES;
				CLANG_WARN_INFINITE_RECURSION = YES;
				CLANG_WARN_INT_CONVERSION = YES;
				CLANG_WARN_NON_LITERAL_NULL_CONVERSION = YES;
				CLANG_WARN_OBJC_IMPLICIT_RETAIN_SELF = YES;
				CLANG_WARN_OBJC_LITERAL_CONVERSION = YES;
				CLANG_WARN_OBJC_ROOT_CLASS = YES_ERROR;
				CLANG_WARN_RANGE_LOOP_ANALYSIS = YES;
				CLANG_WARN_STRICT_PROTOTYPES = YES;
				CLANG_WARN_SUSPICIOUS_MOVE = YES;
				CLANG_WARN_UNGUARDED_AVAILABILITY = YES_AGGRESSIVE;
				CLANG_WARN_UNREACHABLE_CODE = YES;
				CLANG_WARN__DUPLICATE_METHOD_MATCH = YES;
				COPY_PHASE_STRIP = NO;
				DEBUG_INFORMATION_FORMAT = dwarf;
				ENABLE_STRICT_OBJC_MSGSEND = YES;
				ENABLE_TESTABILITY = YES;
				GCC_C_LANGUAGE_STANDARD = gnu11;
				GCC_DYNAMIC_NO_PIC = NO;
				GCC_NO_COMMON_BLOCKS = YES;
				GCC_OPTIMIZATION_LEVEL = 0;
				GCC_PREPROCESSOR_DEFINITIONS = (
					"DEBUG=1",
					"$(inherited)",
				);
				GCC_WARN_64_TO_32_BIT_CONVERSION = YES;
				GCC_WARN_ABOUT_RETURN_TYPE = YES_ERROR;
				GCC_WARN_UNDECLARED_SELECTOR = YES;
				GCC_WARN_UNINITIALIZED_AUTOS = YES_AGGRESSIVE;
				GCC_WARN_UNUSED_FUNCTION = YES;
				GCC_WARN_UNUSED_VARIABLE = YES;
				IPHONEOS_DEPLOYMENT_TARGET = 11.0;
				MTL_ENABLE_DEBUG_INFO = INCLUDE_SOURCE;
				MTL_FAST_MATH = YES;
				ONLY_ACTIVE_ARCH = YES;
				SDKROOT = iphoneos;
				SWIFT_ACTIVE_COMPILATION_CONDITIONS = DEBUG;
				SWIFT_OPTIMIZATION_LEVEL = "-Onone";
			};
			name = Debug;
		};
		6F2B8CFB24596219003C27FA /* Release */ = {
			isa = XCBuildConfiguration;
			buildSettings = {
				ALWAYS_SEARCH_USER_PATHS = NO;
				CLANG_ANALYZER_NONNULL = YES;
				CLANG_ANALYZER_NUMBER_OBJECT_CONVERSION = YES_AGGRESSIVE;
				CLANG_CXX_LANGUAGE_STANDARD = "gnu++14";
				CLANG_CXX_LIBRARY = "libc++";
				CLANG_ENABLE_MODULES = YES;
				CLANG_ENABLE_OBJC_ARC = YES;
				CLANG_ENABLE_OBJC_WEAK = YES;
				CLANG_WARN_BLOCK_CAPTURE_AUTORELEASING = YES;
				CLANG_WARN_BOOL_CONVERSION = YES;
				CLANG_WARN_COMMA = YES;
				CLANG_WARN_CONSTANT_CONVERSION = YES;
				CLANG_WARN_DEPRECATED_OBJC_IMPLEMENTATIONS = YES;
				CLANG_WARN_DIRECT_OBJC_ISA_USAGE = YES_ERROR;
				CLANG_WARN_DOCUMENTATION_COMMENTS = YES;
				CLANG_WARN_EMPTY_BODY = YES;
				CLANG_WARN_ENUM_CONVERSION = YES;
				CLANG_WARN_INFINITE_RECURSION = YES;
				CLANG_WARN_INT_CONVERSION = YES;
				CLANG_WARN_NON_LITERAL_NULL_CONVERSION = YES;
				CLANG_WARN_OBJC_IMPLICIT_RETAIN_SELF = YES;
				CLANG_WARN_OBJC_LITERAL_CONVERSION = YES;
				CLANG_WARN_OBJC_ROOT_CLASS = YES_ERROR;
				CLANG_WARN_RANGE_LOOP_ANALYSIS = YES;
				CLANG_WARN_STRICT_PROTOTYPES = YES;
				CLANG_WARN_SUSPICIOUS_MOVE = YES;
				CLANG_WARN_UNGUARDED_AVAILABILITY = YES_AGGRESSIVE;
				CLANG_WARN_UNREACHABLE_CODE = YES;
				CLANG_WARN__DUPLICATE_METHOD_MATCH = YES;
				COPY_PHASE_STRIP = NO;
				DEBUG_INFORMATION_FORMAT = "dwarf-with-dsym";
				ENABLE_NS_ASSERTIONS = NO;
				ENABLE_STRICT_OBJC_MSGSEND = YES;
				GCC_C_LANGUAGE_STANDARD = gnu11;
				GCC_NO_COMMON_BLOCKS = YES;
				GCC_WARN_64_TO_32_BIT_CONVERSION = YES;
				GCC_WARN_ABOUT_RETURN_TYPE = YES_ERROR;
				GCC_WARN_UNDECLARED_SELECTOR = YES;
				GCC_WARN_UNINITIALIZED_AUTOS = YES_AGGRESSIVE;
				GCC_WARN_UNUSED_FUNCTION = YES;
				GCC_WARN_UNUSED_VARIABLE = YES;
				IPHONEOS_DEPLOYMENT_TARGET = 11.0;
				MTL_ENABLE_DEBUG_INFO = NO;
				MTL_FAST_MATH = YES;
				SDKROOT = iphoneos;
				SWIFT_COMPILATION_MODE = wholemodule;
				SWIFT_OPTIMIZATION_LEVEL = "-O";
				VALIDATE_PRODUCT = YES;
			};
			name = Release;
		};
		6F2B8CFD24596219003C27FA /* Debug */ = {
			isa = XCBuildConfiguration;
			buildSettings = {
				ASSETCATALOG_COMPILER_APPICON_NAME = AppIcon;
				CODE_SIGN_STYLE = Automatic;
				INFOPLIST_FILE = "Style Playground/Info.plist";
				LD_RUNPATH_SEARCH_PATHS = (
					"$(inherited)",
					"@executable_path/Frameworks",
				);
				PRODUCT_BUNDLE_IDENTIFIER = "it.shadowsheep.ios.styleplayground.Style-Playground";
				PRODUCT_NAME = "$(TARGET_NAME)";
				SWIFT_VERSION = 5.0;
				TARGETED_DEVICE_FAMILY = "1,2";
			};
			name = Debug;
		};
		6F2B8CFE24596219003C27FA /* Release */ = {
			isa = XCBuildConfiguration;
			buildSettings = {
				ASSETCATALOG_COMPILER_APPICON_NAME = AppIcon;
				CODE_SIGN_STYLE = Automatic;
				INFOPLIST_FILE = "Style Playground/Info.plist";
				LD_RUNPATH_SEARCH_PATHS = (
					"$(inherited)",
					"@executable_path/Frameworks",
				);
				PRODUCT_BUNDLE_IDENTIFIER = "it.shadowsheep.ios.styleplayground.Style-Playground";
				PRODUCT_NAME = "$(TARGET_NAME)";
				SWIFT_VERSION = 5.0;
				TARGETED_DEVICE_FAMILY = "1,2";
			};
			name = Release;
		};
/* End XCBuildConfiguration section */

/* Begin XCConfigurationList section */
		6F2B8CE324596215003C27FA /* Build configuration list for PBXProject "Style Playground" */ = {
			isa = XCConfigurationList;
			buildConfigurations = (
				6F2B8CFA24596219003C27FA /* Debug */,
				6F2B8CFB24596219003C27FA /* Release */,
			);
			defaultConfigurationIsVisible = 0;
			defaultConfigurationName = Release;
		};
		6F2B8CFC24596219003C27FA /* Build configuration list for PBXNativeTarget "Style Playground" */ = {
			isa = XCConfigurationList;
			buildConfigurations = (
				6F2B8CFD24596219003C27FA /* Debug */,
				6F2B8CFE24596219003C27FA /* Release */,
			);
			defaultConfigurationIsVisible = 0;
			defaultConfigurationName = Release;
		};
/* End XCConfigurationList section */
	};
	rootObject = 6F2B8CE024596215003C27FA /* Project object */;
}
